
Microsoft Visual Studio Solution File, Format Version 12.00
# Visual Studio Version 16
VisualStudioVersion = 16.0.31515.178
MinimumVisualStudioVersion = 10.0.40219.1
Project("{888888A0-9F3D-457C-B088-3A5042F75D52}") = "Invoice Line Item Calcualator", "Invoice Line Item Calcualator.pyproj", "{C4E1B4B4-A921-4928-8B66-CA6BD188AD4D}"
EndProject
Global
	GlobalSection(SolutionConfigurationPlatforms) = preSolution
		Debug|Any CPU = Debug|Any CPU
		Release|Any CPU = Release|Any CPU
	EndGlobalSection
	GlobalSection(ProjectConfigurationPlatforms) = postSolution
		{C4E1B4B4-A921-4928-8B66-CA6BD188AD4D}.Debug|Any CPU.ActiveCfg = Debug|Any CPU
		{C4E1B4B4-A921-4928-8B66-CA6BD188AD4D}.Release|Any CPU.ActiveCfg = Release|Any CPU
	EndGlobalSection
	GlobalSection(SolutionProperties) = preSolution
		HideSolutionNode = FALSE
	EndGlobalSection
	GlobalSection(ExtensibilityGlobals) = postSolution
		SolutionGuid = {05F73E1E-7489-4E28-9255-67D944E9F2A1}
	EndGlobalSection
EndGlobal
